
Microsoft Visual Studio Solution File, Format Version 12.00
# Visual Studio Version 16
VisualStudioVersion = 16.0.30711.63
MinimumVisualStudioVersion = 10.0.40219.1
Project("{FAE04EC0-301F-11D3-BF4B-00C04F79EFBC}") = "3080ProjectOne", "3080ProjectOne\3080ProjectOne.csproj", "{E3FA2459-042B-4A5B-B9CB-FE99D1AFEBA3}"
EndProject
Global
	GlobalSection(SolutionConfigurationPlatforms) = preSolution
		Debug|Any CPU = Debug|Any CPU
		Release|Any CPU = Release|Any CPU
	EndGlobalSection
	GlobalSection(ProjectConfigurationPlatforms) = postSolution
		{E3FA2459-042B-4A5B-B9CB-FE99D1AFEBA3}.Debug|Any CPU.ActiveCfg = Debug|Any CPU
		{E3FA2459-042B-4A5B-B9CB-FE99D1AFEBA3}.Debug|Any CPU.Build.0 = Debug|Any CPU
		{E3FA2459-042B-4A5B-B9CB-FE99D1AFEBA3}.Release|Any CPU.ActiveCfg = Release|Any CPU
		{E3FA2459-042B-4A5B-B9CB-FE99D1AFEBA3}.Release|Any CPU.Build.0 = Release|Any CPU
	EndGlobalSection
	GlobalSection(SolutionProperties) = preSolution
		HideSolutionNode = FALSE
	EndGlobalSection
	GlobalSection(ExtensibilityGlobals) = postSolution
		SolutionGuid = {898E30C1-5931-4C92-815D-51D9684AAD8D}
	EndGlobalSection
EndGlobal
